
Microsoft Visual Studio Solution File, Format Version 12.00
# Visual Studio Version 17
VisualStudioVersion = 17.5.33414.496
MinimumVisualStudioVersion = 10.0.40219.1
Project("{FAE04EC0-301F-11D3-BF4B-00C04F79EFBC}") = "OzonContestApr23.App", "OzonContestApr23.App\OzonContestApr23.App.csproj", "{EA95C861-3C9B-4754-B2DF-B648C66B91D7}"
EndProject
Project("{FAE04EC0-301F-11D3-BF4B-00C04F79EFBC}") = "OzonContestApr23.Tests", "OzonContestApr23.Tests\OzonContestApr23.Tests.csproj", "{C68688B2-7DB0-4262-9761-4A77A660972E}"
EndProject
Global
	GlobalSection(SolutionConfigurationPlatforms) = preSolution
		Debug|Any CPU = Debug|Any CPU
		Release|Any CPU = Release|Any CPU
	EndGlobalSection
	GlobalSection(ProjectConfigurationPlatforms) = postSolution
		{EA95C861-3C9B-4754-B2DF-B648C66B91D7}.Debug|Any CPU.ActiveCfg = Debug|Any CPU
		{EA95C861-3C9B-4754-B2DF-B648C66B91D7}.Debug|Any CPU.Build.0 = Debug|Any CPU
		{EA95C861-3C9B-4754-B2DF-B648C66B91D7}.Release|Any CPU.ActiveCfg = Release|Any CPU
		{EA95C861-3C9B-4754-B2DF-B648C66B91D7}.Release|Any CPU.Build.0 = Release|Any CPU
		{C68688B2-7DB0-4262-9761-4A77A660972E}.Debug|Any CPU.ActiveCfg = Debug|Any CPU
		{C68688B2-7DB0-4262-9761-4A77A660972E}.Debug|Any CPU.Build.0 = Debug|Any CPU
		{C68688B2-7DB0-4262-9761-4A77A660972E}.Release|Any CPU.ActiveCfg = Release|Any CPU
		{C68688B2-7DB0-4262-9761-4A77A660972E}.Release|Any CPU.Build.0 = Release|Any CPU
	EndGlobalSection
	GlobalSection(SolutionProperties) = preSolution
		HideSolutionNode = FALSE
	EndGlobalSection
	GlobalSection(ExtensibilityGlobals) = postSolution
		SolutionGuid = {C17D61CD-0678-454D-9A62-D48C9F0AF851}
	EndGlobalSection
EndGlobal
